// !$*UTF8*$!
{
	archiveVersion = 1;
	classes = {
	};
	objectVersion = 50;
	objects = {

/* Begin PBXBuildFile section */
		54FCF5F72230395100267940 /* AppDelegate.swift in Sources */ = {isa = PBXBuildFile; fileRef = 54FCF5F62230395100267940 /* AppDelegate.swift */; };
		54FCF5F92230395100267940 /* ViewController.swift in Sources */ = {isa = PBXBuildFile; fileRef = 54FCF5F82230395100267940 /* ViewController.swift */; };
		54FCF5FB2230395400267940 /* Assets.xcassets in Resources */ = {isa = PBXBuildFile; fileRef = 54FCF5FA2230395400267940 /* Assets.xcassets */; };
		54FCF5FE2230395400267940 /* Main.storyboard in Resources */ = {isa = PBXBuildFile; fileRef = 54FCF5FC2230395400267940 /* Main.storyboard */; };
		54FCF61922303AD400267940 /* TupleTypeTests.swift in Sources */ = {isa = PBXBuildFile; fileRef = 54FCF61822303AD400267940 /* TupleTypeTests.swift */; };
		54FCF61B22303B6100267940 /* Tuple.swift in Sources */ = {isa = PBXBuildFile; fileRef = 54FCF61A22303B6100267940 /* Tuple.swift */; };
/* End PBXBuildFile section */

/* Begin PBXContainerItemProxy section */
		54FCF6062230395400267940 /* PBXContainerItemProxy */ = {
			isa = PBXContainerItemProxy;
			containerPortal = 54FCF5EB2230395100267940 /* Project object */;
			proxyType = 1;
			remoteGlobalIDString = 54FCF5F22230395100267940;
			remoteInfo = RBTracer;
		};
/* End PBXContainerItemProxy section */

/* Begin PBXFileReference section */
		54FCF5F32230395100267940 /* RBTracer.app */ = {isa = PBXFileReference; explicitFileType = wrapper.application; includeInIndex = 0; path = RBTracer.app; sourceTree = BUILT_PRODUCTS_DIR; };
		54FCF5F62230395100267940 /* AppDelegate.swift */ = {isa = PBXFileReference; lastKnownFileType = sourcecode.swift; path = AppDelegate.swift; sourceTree = "<group>"; };
		54FCF5F82230395100267940 /* ViewController.swift */ = {isa = PBXFileReference; lastKnownFileType = sourcecode.swift; path = ViewController.swift; sourceTree = "<group>"; };
		54FCF5FA2230395400267940 /* Assets.xcassets */ = {isa = PBXFileReference; lastKnownFileType = folder.assetcatalog; path = Assets.xcassets; sourceTree = "<group>"; };
		54FCF5FD2230395400267940 /* Base */ = {isa = PBXFileReference; lastKnownFileType = file.storyboard; name = Base; path = Base.lproj/Main.storyboard; sourceTree = "<group>"; };
		54FCF5FF2230395400267940 /* Info.plist */ = {isa = PBXFileReference; lastKnownFileType = text.plist.xml; path = Info.plist; sourceTree = "<group>"; };
		54FCF6002230395400267940 /* RBTracer.entitlements */ = {isa = PBXFileReference; lastKnownFileType = text.plist.entitlements; path = RBTracer.entitlements; sourceTree = "<group>"; };
		54FCF6052230395400267940 /* RBTracerTests.xctest */ = {isa = PBXFileReference; explicitFileType = wrapper.cfbundle; includeInIndex = 0; path = RBTracerTests.xctest; sourceTree = BUILT_PRODUCTS_DIR; };
		54FCF60B2230395400267940 /* Info.plist */ = {isa = PBXFileReference; lastKnownFileType = text.plist.xml; path = Info.plist; sourceTree = "<group>"; };
		54FCF61822303AD400267940 /* TupleTypeTests.swift */ = {isa = PBXFileReference; lastKnownFileType = sourcecode.swift; path = TupleTypeTests.swift; sourceTree = "<group>"; };
		54FCF61A22303B6100267940 /* Tuple.swift */ = {isa = PBXFileReference; lastKnownFileType = sourcecode.swift; path = Tuple.swift; sourceTree = "<group>"; };
/* End PBXFileReference section */

/* Begin PBXFrameworksBuildPhase section */
		54FCF5F02230395100267940 /* Frameworks */ = {
			isa = PBXFrameworksBuildPhase;
			buildActionMask = 2147483647;
			files = (
			);
			runOnlyForDeploymentPostprocessing = 0;
		};
		54FCF6022230395400267940 /* Frameworks */ = {
			isa = PBXFrameworksBuildPhase;
			buildActionMask = 2147483647;
			files = (
			);
			runOnlyForDeploymentPostprocessing = 0;
		};
/* End PBXFrameworksBuildPhase section */

/* Begin PBXGroup section */
		54EF5C8F2232EE7E000FCA85 /* Models */ = {
			isa = PBXGroup;
			children = (
				54FCF61A22303B6100267940 /* Tuple.swift */,
			);
			path = Models;
			sourceTree = "<group>";
		};
		54EF5C902232EE8B000FCA85 /* Models */ = {
			isa = PBXGroup;
			children = (
				54FCF61822303AD400267940 /* TupleTypeTests.swift */,
			);
			path = Models;
			sourceTree = "<group>";
		};
		54FCF5EA2230395100267940 = {
			isa = PBXGroup;
			children = (
				54FCF5F52230395100267940 /* RBTracer */,
				54FCF6082230395400267940 /* RBTracerTests */,
				54FCF5F42230395100267940 /* Products */,
			);
			sourceTree = "<group>";
		};
		54FCF5F42230395100267940 /* Products */ = {
			isa = PBXGroup;
			children = (
				54FCF5F32230395100267940 /* RBTracer.app */,
				54FCF6052230395400267940 /* RBTracerTests.xctest */,
			);
			name = Products;
			sourceTree = "<group>";
		};
		54FCF5F52230395100267940 /* RBTracer */ = {
			isa = PBXGroup;
			children = (
				54EF5C8F2232EE7E000FCA85 /* Models */,
				54FCF5F62230395100267940 /* AppDelegate.swift */,
				54FCF5F82230395100267940 /* ViewController.swift */,
				54FCF5FA2230395400267940 /* Assets.xcassets */,
				54FCF5FC2230395400267940 /* Main.storyboard */,
				54FCF5FF2230395400267940 /* Info.plist */,
				54FCF6002230395400267940 /* RBTracer.entitlements */,
			);
			path = RBTracer;
			sourceTree = "<group>";
		};
		54FCF6082230395400267940 /* RBTracerTests */ = {
			isa = PBXGroup;
			children = (
				54EF5C902232EE8B000FCA85 /* Models */,
				54FCF60B2230395400267940 /* Info.plist */,
			);
			path = RBTracerTests;
			sourceTree = "<group>";
		};
/* End PBXGroup section */

/* Begin PBXNativeTarget section */
		54FCF5F22230395100267940 /* RBTracer */ = {
			isa = PBXNativeTarget;
			buildConfigurationList = 54FCF60E2230395400267940 /* Build configuration list for PBXNativeTarget "RBTracer" */;
			buildPhases = (
				54FCF5EF2230395100267940 /* Sources */,
				54FCF5F02230395100267940 /* Frameworks */,
				54FCF5F12230395100267940 /* Resources */,
			);
			buildRules = (
			);
			dependencies = (
			);
			name = RBTracer;
			productName = RBTracer;
			productReference = 54FCF5F32230395100267940 /* RBTracer.app */;
			productType = "com.apple.product-type.application";
		};
		54FCF6042230395400267940 /* RBTracerTests */ = {
			isa = PBXNativeTarget;
			buildConfigurationList = 54FCF6112230395400267940 /* Build configuration list for PBXNativeTarget "RBTracerTests" */;
			buildPhases = (
				54FCF6012230395400267940 /* Sources */,
				54FCF6022230395400267940 /* Frameworks */,
				54FCF6032230395400267940 /* Resources */,
			);
			buildRules = (
			);
			dependencies = (
				54FCF6072230395400267940 /* PBXTargetDependency */,
			);
			name = RBTracerTests;
			productName = RBTracerTests;
			productReference = 54FCF6052230395400267940 /* RBTracerTests.xctest */;
			productType = "com.apple.product-type.bundle.unit-test";
		};
/* End PBXNativeTarget section */

/* Begin PBXProject section */
		54FCF5EB2230395100267940 /* Project object */ = {
			isa = PBXProject;
			attributes = {
				LastSwiftUpdateCheck = 1010;
				LastUpgradeCheck = 1010;
				ORGANIZATIONNAME = "Rohan Bhale";
				TargetAttributes = {
					54FCF5F22230395100267940 = {
						CreatedOnToolsVersion = 10.1;
					};
					54FCF6042230395400267940 = {
						CreatedOnToolsVersion = 10.1;
						LastSwiftMigration = 1010;
						TestTargetID = 54FCF5F22230395100267940;
					};
				};
			};
			buildConfigurationList = 54FCF5EE2230395100267940 /* Build configuration list for PBXProject "RBTracer" */;
			compatibilityVersion = "Xcode 9.3";
			developmentRegion = en;
			hasScannedForEncodings = 0;
			knownRegions = (
				en,
				Base,
			);
			mainGroup = 54FCF5EA2230395100267940;
			productRefGroup = 54FCF5F42230395100267940 /* Products */;
			projectDirPath = "";
			projectRoot = "";
			targets = (
				54FCF5F22230395100267940 /* RBTracer */,
				54FCF6042230395400267940 /* RBTracerTests */,
			);
		};
/* End PBXProject section */

/* Begin PBXResourcesBuildPhase section */
		54FCF5F12230395100267940 /* Resources */ = {
			isa = PBXResourcesBuildPhase;
			buildActionMask = 2147483647;
			files = (
				54FCF5FB2230395400267940 /* Assets.xcassets in Resources */,
				54FCF5FE2230395400267940 /* Main.storyboard in Resources */,
			);
			runOnlyForDeploymentPostprocessing = 0;
		};
		54FCF6032230395400267940 /* Resources */ = {
			isa = PBXResourcesBuildPhase;
			buildActionMask = 2147483647;
			files = (
			);
			runOnlyForDeploymentPostprocessing = 0;
		};
/* End PBXResourcesBuildPhase section */

/* Begin PBXSourcesBuildPhase section */
		54FCF5EF2230395100267940 /* Sources */ = {
			isa = PBXSourcesBuildPhase;
			buildActionMask = 2147483647;
			files = (
				54FCF5F92230395100267940 /* ViewController.swift in Sources */,
				54FCF61B22303B6100267940 /* Tuple.swift in Sources */,
				54FCF5F72230395100267940 /* AppDelegate.swift in Sources */,
			);
			runOnlyForDeploymentPostprocessing = 0;
		};
		54FCF6012230395400267940 /* Sources */ = {
			isa = PBXSourcesBuildPhase;
			buildActionMask = 2147483647;
			files = (
				54FCF61922303AD400267940 /* TupleTypeTests.swift in Sources */,
			);
			runOnlyForDeploymentPostprocessing = 0;
		};
/* End PBXSourcesBuildPhase section */

/* Begin PBXTargetDependency section */
		54FCF6072230395400267940 /* PBXTargetDependency */ = {
			isa = PBXTargetDependency;
			target = 54FCF5F22230395100267940 /* RBTracer */;
			targetProxy = 54FCF6062230395400267940 /* PBXContainerItemProxy */;
		};
/* End PBXTargetDependency section */

/* Begin PBXVariantGroup section */
		54FCF5FC2230395400267940 /* Main.storyboard */ = {
			isa = PBXVariantGroup;
			children = (
				54FCF5FD2230395400267940 /* Base */,
			);
			name = Main.storyboard;
			sourceTree = "<group>";
		};
/* End PBXVariantGroup section */

/* Begin XCBuildConfiguration section */
		54FCF60C2230395400267940 /* Debug */ = {
			isa = XCBuildConfiguration;
			buildSettings = {
				ALWAYS_SEARCH_USER_PATHS = NO;
				CLANG_ANALYZER_NONNULL = YES;
				CLANG_ANALYZER_NUMBER_OBJECT_CONVERSION = YES_AGGRESSIVE;
				CLANG_CXX_LANGUAGE_STANDARD = "gnu++14";
				CLANG_CXX_LIBRARY = "libc++";
				CLANG_ENABLE_MODULES = YES;
				CLANG_ENABLE_OBJC_ARC = YES;
				CLANG_ENABLE_OBJC_WEAK = YES;
				CLANG_WARN_BLOCK_CAPTURE_AUTORELEASING = YES;
				CLANG_WARN_BOOL_CONVERSION = YES;
				CLANG_WARN_COMMA = YES;
				CLANG_WARN_CONSTANT_CONVERSION = YES;
				CLANG_WARN_DEPRECATED_OBJC_IMPLEMENTATIONS = YES;
				CLANG_WARN_DIRECT_OBJC_ISA_USAGE = YES_ERROR;
				CLANG_WARN_DOCUMENTATION_COMMENTS = YES;
				CLANG_WARN_EMPTY_BODY = YES;
				CLANG_WARN_ENUM_CONVERSION = YES;
				CLANG_WARN_INFINITE_RECURSION = YES;
				CLANG_WARN_INT_CONVERSION = YES;
				CLANG_WARN_NON_LITERAL_NULL_CONVERSION = YES;
				CLANG_WARN_OBJC_IMPLICIT_RETAIN_SELF = YES;
				CLANG_WARN_OBJC_LITERAL_CONVERSION = YES;
				CLANG_WARN_OBJC_ROOT_CLASS = YES_ERROR;
				CLANG_WARN_RANGE_LOOP_ANALYSIS = YES;
				CLANG_WARN_STRICT_PROTOTYPES = YES;
				CLANG_WARN_SUSPICIOUS_MOVE = YES;
				CLANG_WARN_UNGUARDED_AVAILABILITY = YES_AGGRESSIVE;
				CLANG_WARN_UNREACHABLE_CODE = YES;
				CLANG_WARN__DUPLICATE_METHOD_MATCH = YES;
				CODE_SIGN_IDENTITY = "-";
				COPY_PHASE_STRIP = NO;
				DEBUG_INFORMATION_FORMAT = dwarf;
				ENABLE_STRICT_OBJC_MSGSEND = YES;
				ENABLE_TESTABILITY = YES;
				GCC_C_LANGUAGE_STANDARD = gnu11;
				GCC_DYNAMIC_NO_PIC = NO;
				GCC_NO_COMMON_BLOCKS = YES;
				GCC_OPTIMIZATION_LEVEL = 0;
				GCC_PREPROCESSOR_DEFINITIONS = (
					"DEBUG=1",
					"$(inherited)",
				);
				GCC_WARN_64_TO_32_BIT_CONVERSION = YES;
				GCC_WARN_ABOUT_RETURN_TYPE = YES_ERROR;
				GCC_WARN_UNDECLARED_SELECTOR = YES;
				GCC_WARN_UNINITIALIZED_AUTOS = YES_AGGRESSIVE;
				GCC_WARN_UNUSED_FUNCTION = YES;
				GCC_WARN_UNUSED_VARIABLE = YES;
				MACOSX_DEPLOYMENT_TARGET = 10.13;
				MTL_ENABLE_DEBUG_INFO = INCLUDE_SOURCE;
				MTL_FAST_MATH = YES;
				ONLY_ACTIVE_ARCH = YES;
				SDKROOT = macosx;
				SWIFT_ACTIVE_COMPILATION_CONDITIONS = DEBUG;
				SWIFT_OPTIMIZATION_LEVEL = "-Onone";
			};
			name = Debug;
		};
		54FCF60D2230395400267940 /* Release */ = {
			isa = XCBuildConfiguration;
			buildSettings = {
				ALWAYS_SEARCH_USER_PATHS = NO;
				CLANG_ANALYZER_NONNULL = YES;
				CLANG_ANALYZER_NUMBER_OBJECT_CONVERSION = YES_AGGRESSIVE;
				CLANG_CXX_LANGUAGE_STANDARD = "gnu++14";
				CLANG_CXX_LIBRARY = "libc++";
				CLANG_ENABLE_MODULES = YES;
				CLANG_ENABLE_OBJC_ARC = YES;
				CLANG_ENABLE_OBJC_WEAK = YES;
				CLANG_WARN_BLOCK_CAPTURE_AUTORELEASING = YES;
				CLANG_WARN_BOOL_CONVERSION = YES;
				CLANG_WARN_COMMA = YES;
				CLANG_WARN_CONSTANT_CONVERSION = YES;
				CLANG_WARN_DEPRECATED_OBJC_IMPLEMENTATIONS = YES;
				CLANG_WARN_DIRECT_OBJC_ISA_USAGE = YES_ERROR;
				CLANG_WARN_DOCUMENTATION_COMMENTS = YES;
				CLANG_WARN_EMPTY_BODY = YES;
				CLANG_WARN_ENUM_CONVERSION = YES;
				CLANG_WARN_INFINITE_RECURSION = YES;
				CLANG_WARN_INT_CONVERSION = YES;
				CLANG_WARN_NON_LITERAL_NULL_CONVERSION = YES;
				CLANG_WARN_OBJC_IMPLICIT_RETAIN_SELF = YES;
				CLANG_WARN_OBJC_LITERAL_CONVERSION = YES;
				CLANG_WARN_OBJC_ROOT_CLASS = YES_ERROR;
				CLANG_WARN_RANGE_LOOP_ANALYSIS = YES;
				CLANG_WARN_STRICT_PROTOTYPES = YES;
				CLANG_WARN_SUSPICIOUS_MOVE = YES;
				CLANG_WARN_UNGUARDED_AVAILABILITY = YES_AGGRESSIVE;
				CLANG_WARN_UNREACHABLE_CODE = YES;
				CLANG_WARN__DUPLICATE_METHOD_MATCH = YES;
				CODE_SIGN_IDENTITY = "-";
				COPY_PHASE_STRIP = NO;
				DEBUG_INFORMATION_FORMAT = "dwarf-with-dsym";
				ENABLE_NS_ASSERTIONS = NO;
				ENABLE_STRICT_OBJC_MSGSEND = YES;
				GCC_C_LANGUAGE_STANDARD = gnu11;
				GCC_NO_COMMON_BLOCKS = YES;
				GCC_WARN_64_TO_32_BIT_CONVERSION = YES;
				GCC_WARN_ABOUT_RETURN_TYPE = YES_ERROR;
				GCC_WARN_UNDECLARED_SELECTOR = YES;
				GCC_WARN_UNINITIALIZED_AUTOS = YES_AGGRESSIVE;
				GCC_WARN_UNUSED_FUNCTION = YES;
				GCC_WARN_UNUSED_VARIABLE = YES;
				MACOSX_DEPLOYMENT_TARGET = 10.13;
				MTL_ENABLE_DEBUG_INFO = NO;
				MTL_FAST_MATH = YES;
				SDKROOT = macosx;
				SWIFT_COMPILATION_MODE = wholemodule;
				SWIFT_OPTIMIZATION_LEVEL = "-O";
			};
			name = Release;
		};
		54FCF60F2230395400267940 /* Debug */ = {
			isa = XCBuildConfiguration;
			buildSettings = {
				ASSETCATALOG_COMPILER_APPICON_NAME = AppIcon;
				CODE_SIGN_ENTITLEMENTS = RBTracer/RBTracer.entitlements;
				CODE_SIGN_STYLE = Automatic;
				COMBINE_HIDPI_IMAGES = YES;
				INFOPLIST_FILE = RBTracer/Info.plist;
				LD_RUNPATH_SEARCH_PATHS = (
					"$(inherited)",
					"@executable_path/../Frameworks",
				);
				PRODUCT_BUNDLE_IDENTIFIER = RohanBhale.RBTracer;
				PRODUCT_NAME = "$(TARGET_NAME)";
				SWIFT_VERSION = 4.2;
			};
			name = Debug;
		};
		54FCF6102230395400267940 /* Release */ = {
			isa = XCBuildConfiguration;
			buildSettings = {
				ASSETCATALOG_COMPILER_APPICON_NAME = AppIcon;
				CODE_SIGN_ENTITLEMENTS = RBTracer/RBTracer.entitlements;
				CODE_SIGN_STYLE = Automatic;
				COMBINE_HIDPI_IMAGES = YES;
				INFOPLIST_FILE = RBTracer/Info.plist;
				LD_RUNPATH_SEARCH_PATHS = (
					"$(inherited)",
					"@executable_path/../Frameworks",
				);
				PRODUCT_BUNDLE_IDENTIFIER = RohanBhale.RBTracer;
				PRODUCT_NAME = "$(TARGET_NAME)";
				SWIFT_VERSION = 4.2;
			};
			name = Release;
		};
		54FCF6122230395400267940 /* Debug */ = {
			isa = XCBuildConfiguration;
			buildSettings = {
				ALWAYS_EMBED_SWIFT_STANDARD_LIBRARIES = YES;
				BUNDLE_LOADER = "$(TEST_HOST)";
				CLANG_ENABLE_MODULES = YES;
				CODE_SIGN_STYLE = Automatic;
				COMBINE_HIDPI_IMAGES = YES;
				INFOPLIST_FILE = RBTracerTests/Info.plist;
				LD_RUNPATH_SEARCH_PATHS = (
					"$(inherited)",
					"@executable_path/../Frameworks",
					"@loader_path/../Frameworks",
				);
				PRODUCT_BUNDLE_IDENTIFIER = RohanBhale.RBTracerTests;
				PRODUCT_NAME = "$(TARGET_NAME)";
				SWIFT_OPTIMIZATION_LEVEL = "-Onone";
				SWIFT_VERSION = 4.2;
				TEST_HOST = "$(BUILT_PRODUCTS_DIR)/RBTracer.app/Contents/MacOS/RBTracer";
			};
			name = Debug;
		};
		54FCF6132230395400267940 /* Release */ = {
			isa = XCBuildConfiguration;
			buildSettings = {
				ALWAYS_EMBED_SWIFT_STANDARD_LIBRARIES = YES;
				BUNDLE_LOADER = "$(TEST_HOST)";
				CLANG_ENABLE_MODULES = YES;
				CODE_SIGN_STYLE = Automatic;
				COMBINE_HIDPI_IMAGES = YES;
				INFOPLIST_FILE = RBTracerTests/Info.plist;
				LD_RUNPATH_SEARCH_PATHS = (
					"$(inherited)",
					"@executable_path/../Frameworks",
					"@loader_path/../Frameworks",
				);
				PRODUCT_BUNDLE_IDENTIFIER = RohanBhale.RBTracerTests;
				PRODUCT_NAME = "$(TARGET_NAME)";
				SWIFT_VERSION = 4.2;
				TEST_HOST = "$(BUILT_PRODUCTS_DIR)/RBTracer.app/Contents/MacOS/RBTracer";
			};
			name = Release;
		};
/* End XCBuildConfiguration section */

/* Begin XCConfigurationList section */
		54FCF5EE2230395100267940 /* Build configuration list for PBXProject "RBTracer" */ = {
			isa = XCConfigurationList;
			buildConfigurations = (
				54FCF60C2230395400267940 /* Debug */,
				54FCF60D2230395400267940 /* Release */,
			);
			defaultConfigurationIsVisible = 0;
			defaultConfigurationName = Release;
		};
		54FCF60E2230395400267940 /* Build configuration list for PBXNativeTarget "RBTracer" */ = {
			isa = XCConfigurationList;
			buildConfigurations = (
				54FCF60F2230395400267940 /* Debug */,
				54FCF6102230395400267940 /* Release */,
			);
			defaultConfigurationIsVisible = 0;
			defaultConfigurationName = Release;
		};
		54FCF6112230395400267940 /* Build configuration list for PBXNativeTarget "RBTracerTests" */ = {
			isa = XCConfigurationList;
			buildConfigurations = (
				54FCF6122230395400267940 /* Debug */,
				54FCF6132230395400267940 /* Release */,
			);
			defaultConfigurationIsVisible = 0;
			defaultConfigurationName = Release;
		};
/* End XCConfigurationList section */
	};
	rootObject = 54FCF5EB2230395100267940 /* Project object */;
}
